
Microsoft Visual Studio Solution File, Format Version 12.00
# Visual Studio Version 17
VisualStudioVersion = 17.14.36401.2 d17.14
MinimumVisualStudioVersion = 10.0.40219.1
Project("{FAE04EC0-301F-11D3-BF4B-00C04F79EFBC}") = "TesteLLMs", "TesteLLMs.csproj", "{5BB48FB3-F47B-4067-B31F-03AF2FE425BE}"
EndProject
Global
	GlobalSection(SolutionConfigurationPlatforms) = preSolution
		Debug|Any CPU = Debug|Any CPU
		Release|Any CPU = Release|Any CPU
	EndGlobalSection
	GlobalSection(ProjectConfigurationPlatforms) = postSolution
		{5BB48FB3-F47B-4067-B31F-03AF2FE425BE}.Debug|Any CPU.ActiveCfg = Debug|Any CPU
		{5BB48FB3-F47B-4067-B31F-03AF2FE425BE}.Debug|Any CPU.Build.0 = Debug|Any CPU
		{5BB48FB3-F47B-4067-B31F-03AF2FE425BE}.Release|Any CPU.ActiveCfg = Release|Any CPU
		{5BB48FB3-F47B-4067-B31F-03AF2FE425BE}.Release|Any CPU.Build.0 = Release|Any CPU
	EndGlobalSection
	GlobalSection(SolutionProperties) = preSolution
		HideSolutionNode = FALSE
	EndGlobalSection
	GlobalSection(ExtensibilityGlobals) = postSolution
		SolutionGuid = {78662F46-E014-46DF-8237-CF8D1CB9A7ED}
	EndGlobalSection
EndGlobal
